
Microsoft Visual Studio Solution File, Format Version 12.00
# Visual Studio Version 17
VisualStudioVersion = 17.7.34221.43
MinimumVisualStudioVersion = 10.0.40219.1
Project("{FAE04EC0-301F-11D3-BF4B-00C04F79EFBC}") = "WindowsService1", "WindowsService1\WindowsService1.csproj", "{7D35A32F-C9A0-45C7-8279-13AD51674D85}"
EndProject
Global
	GlobalSection(SolutionConfigurationPlatforms) = preSolution
		Debug|Any CPU = Debug|Any CPU
		Release|Any CPU = Release|Any CPU
	EndGlobalSection
	GlobalSection(ProjectConfigurationPlatforms) = postSolution
		{7D35A32F-C9A0-45C7-8279-13AD51674D85}.Debug|Any CPU.ActiveCfg = Debug|Any CPU
		{7D35A32F-C9A0-45C7-8279-13AD51674D85}.Debug|Any CPU.Build.0 = Debug|Any CPU
		{7D35A32F-C9A0-45C7-8279-13AD51674D85}.Release|Any CPU.ActiveCfg = Release|Any CPU
		{7D35A32F-C9A0-45C7-8279-13AD51674D85}.Release|Any CPU.Build.0 = Release|Any CPU
	EndGlobalSection
	GlobalSection(SolutionProperties) = preSolution
		HideSolutionNode = FALSE
	EndGlobalSection
	GlobalSection(ExtensibilityGlobals) = postSolution
		SolutionGuid = {FAC34E25-EDB4-4B5F-B5AC-A31ECCE3AE06}
	EndGlobalSection
EndGlobal
